// !$*UTF8*$!
{
	archiveVersion = 1;
	classes = {
	};
	objectVersion = 46;
	objects = {

/* Begin PBXBuildFile section */
		361393581E529ECD00579610 /* AppDelegate.swift in Sources */ = {isa = PBXBuildFile; fileRef = 361393571E529ECD00579610 /* AppDelegate.swift */; };
		3613935A1E529ECD00579610 /* ViewController.swift in Sources */ = {isa = PBXBuildFile; fileRef = 361393591E529ECD00579610 /* ViewController.swift */; };
		3613935F1E529ECD00579610 /* Assets.xcassets in Resources */ = {isa = PBXBuildFile; fileRef = 3613935E1E529ECD00579610 /* Assets.xcassets */; };
		3613936B1E529F6F00579610 /* GLKit.framework in Frameworks */ = {isa = PBXBuildFile; fileRef = 3613936A1E529F6F00579610 /* GLKit.framework */; };
/* End PBXBuildFile section */

/* Begin PBXFileReference section */
		361393541E529ECD00579610 /* open_gl_tut.app */ = {isa = PBXFileReference; explicitFileType = wrapper.application; includeInIndex = 0; path = open_gl_tut.app; sourceTree = BUILT_PRODUCTS_DIR; };
		361393571E529ECD00579610 /* AppDelegate.swift */ = {isa = PBXFileReference; lastKnownFileType = sourcecode.swift; path = AppDelegate.swift; sourceTree = "<group>"; };
		361393591E529ECD00579610 /* ViewController.swift */ = {isa = PBXFileReference; lastKnownFileType = sourcecode.swift; path = ViewController.swift; sourceTree = "<group>"; };
		3613935E1E529ECD00579610 /* Assets.xcassets */ = {isa = PBXFileReference; lastKnownFileType = folder.assetcatalog; path = Assets.xcassets; sourceTree = "<group>"; };
		361393631E529ECD00579610 /* Info.plist */ = {isa = PBXFileReference; lastKnownFileType = text.plist.xml; path = Info.plist; sourceTree = "<group>"; };
		3613936A1E529F6F00579610 /* GLKit.framework */ = {isa = PBXFileReference; lastKnownFileType = wrapper.framework; name = GLKit.framework; path = System/Library/Frameworks/GLKit.framework; sourceTree = SDKROOT; };
/* End PBXFileReference section */

/* Begin PBXFrameworksBuildPhase section */
		361393511E529ECD00579610 /* Frameworks */ = {
			isa = PBXFrameworksBuildPhase;
			buildActionMask = 2147483647;
			files = (
				3613936B1E529F6F00579610 /* GLKit.framework in Frameworks */,
			);
			runOnlyForDeploymentPostprocessing = 0;
		};
/* End PBXFrameworksBuildPhase section */

/* Begin PBXGroup section */
		3613934B1E529ECD00579610 = {
			isa = PBXGroup;
			children = (
				361393561E529ECD00579610 /* open_gl_tut */,
				361393551E529ECD00579610 /* Products */,
				361393691E529F6F00579610 /* Frameworks */,
			);
			sourceTree = "<group>";
		};
		361393551E529ECD00579610 /* Products */ = {
			isa = PBXGroup;
			children = (
				361393541E529ECD00579610 /* open_gl_tut.app */,
			);
			name = Products;
			sourceTree = "<group>";
		};
		361393561E529ECD00579610 /* open_gl_tut */ = {
			isa = PBXGroup;
			children = (
				361393571E529ECD00579610 /* AppDelegate.swift */,
				361393591E529ECD00579610 /* ViewController.swift */,
				3613935E1E529ECD00579610 /* Assets.xcassets */,
				361393631E529ECD00579610 /* Info.plist */,
			);
			path = open_gl_tut;
			sourceTree = "<group>";
		};
		361393691E529F6F00579610 /* Frameworks */ = {
			isa = PBXGroup;
			children = (
				3613936A1E529F6F00579610 /* GLKit.framework */,
			);
			name = Frameworks;
			sourceTree = "<group>";
		};
/* End PBXGroup section */

/* Begin PBXNativeTarget section */
		361393531E529ECD00579610 /* open_gl_tut */ = {
			isa = PBXNativeTarget;
			buildConfigurationList = 361393661E529ECD00579610 /* Build configuration list for PBXNativeTarget "open_gl_tut" */;
			buildPhases = (
				361393501E529ECD00579610 /* Sources */,
				361393511E529ECD00579610 /* Frameworks */,
				361393521E529ECD00579610 /* Resources */,
			);
			buildRules = (
			);
			dependencies = (
			);
			name = open_gl_tut;
			productName = open_gl_tut;
			productReference = 361393541E529ECD00579610 /* open_gl_tut.app */;
			productType = "com.apple.product-type.application";
		};
/* End PBXNativeTarget section */

/* Begin PBXProject section */
		3613934C1E529ECD00579610 /* Project object */ = {
			isa = PBXProject;
			attributes = {
				LastSwiftUpdateCheck = 0820;
				LastUpgradeCheck = 0820;
				ORGANIZATIONNAME = scm197;
				TargetAttributes = {
					361393531E529ECD00579610 = {
						CreatedOnToolsVersion = 8.2.1;
						DevelopmentTeam = B8389ZXE5K;
						ProvisioningStyle = Automatic;
					};
				};
			};
			buildConfigurationList = 3613934F1E529ECD00579610 /* Build configuration list for PBXProject "open_gl_tut" */;
			compatibilityVersion = "Xcode 3.2";
			developmentRegion = English;
			hasScannedForEncodings = 0;
			knownRegions = (
				en,
				Base,
			);
			mainGroup = 3613934B1E529ECD00579610;
			productRefGroup = 361393551E529ECD00579610 /* Products */;
			projectDirPath = "";
			projectRoot = "";
			targets = (
				361393531E529ECD00579610 /* open_gl_tut */,
			);
		};
/* End PBXProject section */

/* Begin PBXResourcesBuildPhase section */
		361393521E529ECD00579610 /* Resources */ = {
			isa = PBXResourcesBuildPhase;
			buildActionMask = 2147483647;
			files = (
				3613935F1E529ECD00579610 /* Assets.xcassets in Resources */,
			);
			runOnlyForDeploymentPostprocessing = 0;
		};
/* End PBXResourcesBuildPhase section */

/* Begin PBXSourcesBuildPhase section */
		361393501E529ECD00579610 /* Sources */ = {
			isa = PBXSourcesBuildPhase;
			buildActionMask = 2147483647;
			files = (
				3613935A1E529ECD00579610 /* ViewController.swift in Sources */,
				361393581E529ECD00579610 /* AppDelegate.swift in Sources */,
			);
			runOnlyForDeploymentPostprocessing = 0;
		};
/* End PBXSourcesBuildPhase section */

/* Begin XCBuildConfiguration section */
		361393641E529ECD00579610 /* Debug */ = {
			isa = XCBuildConfiguration;
			buildSettings = {
				ALWAYS_SEARCH_USER_PATHS = NO;
				CLANG_ANALYZER_NONNULL = YES;
				CLANG_CXX_LANGUAGE_STANDARD = "gnu++0x";
				CLANG_CXX_LIBRARY = "libc++";
				CLANG_ENABLE_MODULES = YES;
				CLANG_ENABLE_OBJC_ARC = YES;
				CLANG_WARN_BOOL_CONVERSION = YES;
				CLANG_WARN_CONSTANT_CONVERSION = YES;
				CLANG_WARN_DIRECT_OBJC_ISA_USAGE = YES_ERROR;
				CLANG_WARN_DOCUMENTATION_COMMENTS = YES;
				CLANG_WARN_EMPTY_BODY = YES;
				CLANG_WARN_ENUM_CONVERSION = YES;
				CLANG_WARN_INFINITE_RECURSION = YES;
				CLANG_WARN_INT_CONVERSION = YES;
				CLANG_WARN_OBJC_ROOT_CLASS = YES_ERROR;
				CLANG_WARN_SUSPICIOUS_MOVE = YES;
				CLANG_WARN_UNREACHABLE_CODE = YES;
				CLANG_WARN__DUPLICATE_METHOD_MATCH = YES;
				"CODE_SIGN_IDENTITY[sdk=iphoneos*]" = "iPhone Developer";
				COPY_PHASE_STRIP = NO;
				DEBUG_INFORMATION_FORMAT = dwarf;
				ENABLE_STRICT_OBJC_MSGSEND = YES;
				ENABLE_TESTABILITY = YES;
				GCC_C_LANGUAGE_STANDARD = gnu99;
				GCC_DYNAMIC_NO_PIC = NO;
				GCC_NO_COMMON_BLOCKS = YES;
				GCC_OPTIMIZATION_LEVEL = 0;
				GCC_PREPROCESSOR_DEFINITIONS = (
					"DEBUG=1",
					"$(inherited)",
				);
				GCC_WARN_64_TO_32_BIT_CONVERSION = YES;
				GCC_WARN_ABOUT_RETURN_TYPE = YES_ERROR;
				GCC_WARN_UNDECLARED_SELECTOR = YES;
				GCC_WARN_UNINITIALIZED_AUTOS = YES_AGGRESSIVE;
				GCC_WARN_UNUSED_FUNCTION = YES;
				GCC_WARN_UNUSED_VARIABLE = YES;
				IPHONEOS_DEPLOYMENT_TARGET = 10.2;
				MTL_ENABLE_DEBUG_INFO = YES;
				ONLY_ACTIVE_ARCH = YES;
				SDKROOT = iphoneos;
				SWIFT_ACTIVE_COMPILATION_CONDITIONS = DEBUG;
				SWIFT_OPTIMIZATION_LEVEL = "-Onone";
				TARGETED_DEVICE_FAMILY = "1,2";
			};
			name = Debug;
		};
		361393651E529ECD00579610 /* Release */ = {
			isa = XCBuildConfiguration;
			buildSettings = {
				ALWAYS_SEARCH_USER_PATHS = NO;
				CLANG_ANALYZER_NONNULL = YES;
				CLANG_CXX_LANGUAGE_STANDARD = "gnu++0x";
				CLANG_CXX_LIBRARY = "libc++";
				CLANG_ENABLE_MODULES = YES;
				CLANG_ENABLE_OBJC_ARC = YES;
				CLANG_WARN_BOOL_CONVERSION = YES;
				CLANG_WARN_CONSTANT_CONVERSION = YES;
				CLANG_WARN_DIRECT_OBJC_ISA_USAGE = YES_ERROR;
				CLANG_WARN_DOCUMENTATION_COMMENTS = YES;
				CLANG_WARN_EMPTY_BODY = YES;
				CLANG_WARN_ENUM_CONVERSION = YES;
				CLANG_WARN_INFINITE_RECURSION = YES;
				CLANG_WARN_INT_CONVERSION = YES;
				CLANG_WARN_OBJC_ROOT_CLASS = YES_ERROR;
				CLANG_WARN_SUSPICIOUS_MOVE = YES;
				CLANG_WARN_UNREACHABLE_CODE = YES;
				CLANG_WARN__DUPLICATE_METHOD_MATCH = YES;
				"CODE_SIGN_IDENTITY[sdk=iphoneos*]" = "iPhone Developer";
				COPY_PHASE_STRIP = NO;
				DEBUG_INFORMATION_FORMAT = "dwarf-with-dsym";
				ENABLE_NS_ASSERTIONS = NO;
				ENABLE_STRICT_OBJC_MSGSEND = YES;
				GCC_C_LANGUAGE_STANDARD = gnu99;
				GCC_NO_COMMON_BLOCKS = YES;
				GCC_WARN_64_TO_32_BIT_CONVERSION = YES;
				GCC_WARN_ABOUT_RETURN_TYPE = YES_ERROR;
				GCC_WARN_UNDECLARED_SELECTOR = YES;
				GCC_WARN_UNINITIALIZED_AUTOS = YES_AGGRESSIVE;
				GCC_WARN_UNUSED_FUNCTION = YES;
				GCC_WARN_UNUSED_VARIABLE = YES;
				IPHONEOS_DEPLOYMENT_TARGET = 10.2;
				MTL_ENABLE_DEBUG_INFO = NO;
				SDKROOT = iphoneos;
				SWIFT_OPTIMIZATION_LEVEL = "-Owholemodule";
				TARGETED_DEVICE_FAMILY = "1,2";
				VALIDATE_PRODUCT = YES;
			};
			name = Release;
		};
		361393671E529ECD00579610 /* Debug */ = {
			isa = XCBuildConfiguration;
			buildSettings = {
				ASSETCATALOG_COMPILER_APPICON_NAME = AppIcon;
				DEVELOPMENT_TEAM = B8389ZXE5K;
				INFOPLIST_FILE = open_gl_tut/Info.plist;
				LD_RUNPATH_SEARCH_PATHS = "$(inherited) @executable_path/Frameworks";
				PRODUCT_BUNDLE_IDENTIFIER = "scm197.open-gl-tut";
				PRODUCT_NAME = "$(TARGET_NAME)";
				SWIFT_VERSION = 3.0;
			};
			name = Debug;
		};
		361393681E529ECD00579610 /* Release */ = {
			isa = XCBuildConfiguration;
			buildSettings = {
				ASSETCATALOG_COMPILER_APPICON_NAME = AppIcon;
				DEVELOPMENT_TEAM = B8389ZXE5K;
				INFOPLIST_FILE = open_gl_tut/Info.plist;
				LD_RUNPATH_SEARCH_PATHS = "$(inherited) @executable_path/Frameworks";
				PRODUCT_BUNDLE_IDENTIFIER = "scm197.open-gl-tut";
				PRODUCT_NAME = "$(TARGET_NAME)";
				SWIFT_VERSION = 3.0;
			};
			name = Release;
		};
/* End XCBuildConfiguration section */

/* Begin XCConfigurationList section */
		3613934F1E529ECD00579610 /* Build configuration list for PBXProject "open_gl_tut" */ = {
			isa = XCConfigurationList;
			buildConfigurations = (
				361393641E529ECD00579610 /* Debug */,
				361393651E529ECD00579610 /* Release */,
			);
			defaultConfigurationIsVisible = 0;
			defaultConfigurationName = Release;
		};
		361393661E529ECD00579610 /* Build configuration list for PBXNativeTarget "open_gl_tut" */ = {
			isa = XCConfigurationList;
			buildConfigurations = (
				361393671E529ECD00579610 /* Debug */,
				361393681E529ECD00579610 /* Release */,
			);
			defaultConfigurationIsVisible = 0;
			defaultConfigurationName = Release;
		};
/* End XCConfigurationList section */
	};
	rootObject = 3613934C1E529ECD00579610 /* Project object */;
}
